// !$*UTF8*$!
{
	archiveVersion = 1;
	classes = {
	};
	objectVersion = 46;
	objects = {

/* Begin PBXBuildFile section */
		7602D8AD1DA0CE7E00193754 /* ShGenargvTests.m in Sources */ = {isa = PBXBuildFile; fileRef = 7602D8AC1DA0CE7E00193754 /* ShGenargvTests.m */; };
		7602D8AF1DA0F25900193754 /* ShFindcmdTests.m in Sources */ = {isa = PBXBuildFile; fileRef = 7602D8AE1DA0F25900193754 /* ShFindcmdTests.m */; };
		763CB7E11D7BB8E700F5444B /* fwrap.m in Sources */ = {isa = PBXBuildFile; fileRef = 763CB7E01D7BB8E700F5444B /* fwrap.m */; };
		763CB7E31D81A5A200F5444B /* FileioTests.m in Sources */ = {isa = PBXBuildFile; fileRef = 763CB7E21D81A5A200F5444B /* FileioTests.m */; };
		763CB7E41D81A82400F5444B /* Sh.swift in Sources */ = {isa = PBXBuildFile; fileRef = 7687ECDC1D7AF7310077EEC2 /* Sh.swift */; };
		763CB7E61D82260800F5444B /* ParserTests.m in Sources */ = {isa = PBXBuildFile; fileRef = 763CB7E51D82260800F5444B /* ParserTests.m */; };
		763CB7E91D8226A500F5444B /* fixt.c in Sources */ = {isa = PBXBuildFile; fileRef = 763CB7E81D8226A500F5444B /* fixt.c */; };
		763CB7EB1D84261500F5444B /* shla.l in Sources */ = {isa = PBXBuildFile; fileRef = 763CB7EA1D84261500F5444B /* shla.l */; };
		763CB7EC1D84261500F5444B /* shla.l in Sources */ = {isa = PBXBuildFile; fileRef = 763CB7EA1D84261500F5444B /* shla.l */; };
		763CB7EE1D84317500F5444B /* shya.y in Sources */ = {isa = PBXBuildFile; fileRef = 763CB7ED1D84317500F5444B /* shya.y */; };
		763CB7EF1D84317500F5444B /* shya.y in Sources */ = {isa = PBXBuildFile; fileRef = 763CB7ED1D84317500F5444B /* shya.y */; };
		763CB7F21D84420800F5444B /* sh.c in Sources */ = {isa = PBXBuildFile; fileRef = 763CB7F11D84420800F5444B /* sh.c */; };
		763CB7F31D84420800F5444B /* sh.c in Sources */ = {isa = PBXBuildFile; fileRef = 763CB7F11D84420800F5444B /* sh.c */; };
		76520B341D855ABC0099FFE4 /* fs.c in Sources */ = {isa = PBXBuildFile; fileRef = 76520B331D855ABC0099FFE4 /* fs.c */; };
		76520B381D8564350099FFE4 /* TermLastLineTests.swift in Sources */ = {isa = PBXBuildFile; fileRef = 76520B371D8564350099FFE4 /* TermLastLineTests.swift */; };
		76520B3A1D8564DA0099FFE4 /* Term.swift in Sources */ = {isa = PBXBuildFile; fileRef = 76520B391D8564DA0099FFE4 /* Term.swift */; };
		76520B3B1D8564DA0099FFE4 /* Term.swift in Sources */ = {isa = PBXBuildFile; fileRef = 76520B391D8564DA0099FFE4 /* Term.swift */; };
		765431751D2A8A840029856C /* AppDelegate.swift in Sources */ = {isa = PBXBuildFile; fileRef = 765431741D2A8A840029856C /* AppDelegate.swift */; };
		765431771D2A8A840029856C /* ViewController.swift in Sources */ = {isa = PBXBuildFile; fileRef = 765431761D2A8A840029856C /* ViewController.swift */; };
		7654317A1D2A8A840029856C /* Main.storyboard in Resources */ = {isa = PBXBuildFile; fileRef = 765431781D2A8A840029856C /* Main.storyboard */; };
		7654317C1D2A8A840029856C /* Assets.xcassets in Resources */ = {isa = PBXBuildFile; fileRef = 7654317B1D2A8A840029856C /* Assets.xcassets */; };
		7654317F1D2A8A840029856C /* LaunchScreen.storyboard in Resources */ = {isa = PBXBuildFile; fileRef = 7654317D1D2A8A840029856C /* LaunchScreen.storyboard */; };
		765431951D2A8A850029856C /* toolsUITests.swift in Sources */ = {isa = PBXBuildFile; fileRef = 765431941D2A8A850029856C /* toolsUITests.swift */; };
		7687ECDD1D7AF7310077EEC2 /* Sh.swift in Sources */ = {isa = PBXBuildFile; fileRef = 7687ECDC1D7AF7310077EEC2 /* Sh.swift */; };
		76CE69B61D7647FC00D945E4 /* CtlTest.swift in Sources */ = {isa = PBXBuildFile; fileRef = 76CE69B51D7647FC00D945E4 /* CtlTest.swift */; };
		76CE69BA1D76496300D945E4 /* Ctl.swift in Sources */ = {isa = PBXBuildFile; fileRef = 76CE69B91D76496300D945E4 /* Ctl.swift */; };
		76CE69BC1D764CB000D945E4 /* Ctl.swift in Sources */ = {isa = PBXBuildFile; fileRef = 76CE69B91D76496300D945E4 /* Ctl.swift */; };
		76DA167F1DA8BE2400DFA0FB /* Io.swift in Sources */ = {isa = PBXBuildFile; fileRef = 76DA167E1DA8BE2400DFA0FB /* Io.swift */; };
		76DA16841DA8D2FC00DFA0FB /* time1.c in Sources */ = {isa = PBXBuildFile; fileRef = 76DA16831DA8D2FC00DFA0FB /* time1.c */; };
		76DA16851DA8D2FC00DFA0FB /* time1.c in Sources */ = {isa = PBXBuildFile; fileRef = 76DA16831DA8D2FC00DFA0FB /* time1.c */; };
		76DA16881DA8EFA500DFA0FB /* ibbox.c in Sources */ = {isa = PBXBuildFile; fileRef = 76DA16871DA8EFA500DFA0FB /* ibbox.c */; };
		76DA16891DA8EFA500DFA0FB /* ibbox.c in Sources */ = {isa = PBXBuildFile; fileRef = 76DA16871DA8EFA500DFA0FB /* ibbox.c */; };
		76DA168B1DA8F21700DFA0FB /* PathconvTests.m in Sources */ = {isa = PBXBuildFile; fileRef = 76DA168A1DA8F21700DFA0FB /* PathconvTests.m */; };
		76DA168E1DAB156B00DFA0FB /* ShWdTests.m in Sources */ = {isa = PBXBuildFile; fileRef = 76DA168D1DAB156B00DFA0FB /* ShWdTests.m */; };
		76DEB4681DAD9B320057144A /* TermtxtTests.swift in Sources */ = {isa = PBXBuildFile; fileRef = 76DEB4671DAD9B320057144A /* TermtxtTests.swift */; };
		76EE479B1D85119100180540 /* ShioTests.m in Sources */ = {isa = PBXBuildFile; fileRef = 76EE479A1D85119100180540 /* ShioTests.m */; };
		76EE479E1D85403F00180540 /* DeviceTests.m in Sources */ = {isa = PBXBuildFile; fileRef = 76EE479D1D85403F00180540 /* DeviceTests.m */; };
/* End PBXBuildFile section */

/* Begin PBXBuildRule section */
		763CB7F91D845ABB00F5444B /* PBXBuildRule */ = {
			isa = PBXBuildRule;
			compilerSpec = com.apple.compilers.proxy.script;
			fileType = sourcecode.yacc;
			isEditable = 1;
			outputFiles = (
				"$(DERIVED_FILE_DIR)/$(INPUT_FILE_BASE).tab.h",
				"$(DERIVED_FILE_DIR)/$(INPUT_FILE_BASE).tab.c",
			);
			script = "#! /bin/sh -\nyacc -o $DERIVED_FILE_DIR/$INPUT_FILE_BASE.tab.c -d -b $INPUT_FILE_BASE $INPUT_FILE_PATH\n";
		};
		763CB7FA1D84CFB400F5444B /* PBXBuildRule */ = {
			isa = PBXBuildRule;
			compilerSpec = com.apple.compilers.proxy.script;
			fileType = sourcecode.yacc;
			isEditable = 1;
			outputFiles = (
				"$(DERIVED_FILE_DIR)/$(INPUT_FILE_BASE).tab.c",
				"$(DERIVED_FILE_DIR)/$(INPUT_FILE_BASE).tab.h",
			);
			script = "#! /bin/sh -\nyacc -o $DERIVED_FILE_DIR/$INPUT_FILE_BASE.tab.c -d -b $INPUT_FILE_BASE $INPUT_FILE_PATH";
		};
/* End PBXBuildRule section */

/* Begin PBXContainerItemProxy section */
		765431861D2A8A840029856C /* PBXContainerItemProxy */ = {
			isa = PBXContainerItemProxy;
			containerPortal = 765431691D2A8A830029856C /* Project object */;
			proxyType = 1;
			remoteGlobalIDString = 765431701D2A8A830029856C;
			remoteInfo = tools;
		};
		765431911D2A8A850029856C /* PBXContainerItemProxy */ = {
			isa = PBXContainerItemProxy;
			containerPortal = 765431691D2A8A830029856C /* Project object */;
			proxyType = 1;
			remoteGlobalIDString = 765431701D2A8A830029856C;
			remoteInfo = tools;
		};
/* End PBXContainerItemProxy section */

/* Begin PBXFileReference section */
		7602D8A61D9D3FB600193754 /* buildbb.sh */ = {isa = PBXFileReference; lastKnownFileType = text.script.sh; path = buildbb.sh; sourceTree = "<group>"; };
		7602D8A81D9FB36400193754 /* lib.a */ = {isa = PBXFileReference; lastKnownFileType = archive.ar; name = lib.a; path = busybox/coreutils/lib.a; sourceTree = "<group>"; };
		7602D8AA1D9FB37600193754 /* lib.a */ = {isa = PBXFileReference; lastKnownFileType = archive.ar; name = lib.a; path = busybox/libbb/lib.a; sourceTree = "<group>"; };
		7602D8AC1DA0CE7E00193754 /* ShGenargvTests.m */ = {isa = PBXFileReference; fileEncoding = 4; lastKnownFileType = sourcecode.c.objc; path = ShGenargvTests.m; sourceTree = "<group>"; };
		7602D8AE1DA0F25900193754 /* ShFindcmdTests.m */ = {isa = PBXFileReference; fileEncoding = 4; lastKnownFileType = sourcecode.c.objc; path = ShFindcmdTests.m; sourceTree = "<group>"; };
		763CB7D21D7B9D1E00F5444B /* CoreFoundation.framework */ = {isa = PBXFileReference; lastKnownFileType = wrapper.framework; name = CoreFoundation.framework; path = System/Library/Frameworks/CoreFoundation.framework; sourceTree = SDKROOT; };
		763CB7DA1D7BA16800F5444B /* cmd.h */ = {isa = PBXFileReference; fileEncoding = 4; lastKnownFileType = sourcecode.c.h; name = cmd.h; path = include/cmd.h; sourceTree = "<group>"; };
		763CB7DB1D7BA6A900F5444B /* bridge.h */ = {isa = PBXFileReference; lastKnownFileType = sourcecode.c.h; name = bridge.h; path = include/bridge.h; sourceTree = "<group>"; };
		763CB7E01D7BB8E700F5444B /* fwrap.m */ = {isa = PBXFileReference; fileEncoding = 4; lastKnownFileType = sourcecode.c.objc; path = fwrap.m; sourceTree = "<group>"; };
		763CB7E21D81A5A200F5444B /* FileioTests.m */ = {isa = PBXFileReference; fileEncoding = 4; lastKnownFileType = sourcecode.c.objc; path = FileioTests.m; sourceTree = "<group>"; };
		763CB7E51D82260800F5444B /* ParserTests.m */ = {isa = PBXFileReference; fileEncoding = 4; lastKnownFileType = sourcecode.c.objc; path = ParserTests.m; sourceTree = "<group>"; };
		763CB7E71D82267800F5444B /* decl.h */ = {isa = PBXFileReference; lastKnownFileType = sourcecode.c.h; path = decl.h; sourceTree = "<group>"; };
		763CB7E81D8226A500F5444B /* fixt.c */ = {isa = PBXFileReference; fileEncoding = 4; lastKnownFileType = sourcecode.c.c; path = fixt.c; sourceTree = "<group>"; };
		763CB7EA1D84261500F5444B /* shla.l */ = {isa = PBXFileReference; fileEncoding = 4; lastKnownFileType = sourcecode.lex; path = shla.l; sourceTree = "<group>"; };
		763CB7ED1D84317500F5444B /* shya.y */ = {isa = PBXFileReference; fileEncoding = 4; lastKnownFileType = sourcecode.yacc; path = shya.y; sourceTree = "<group>"; };
		763CB7F11D84420800F5444B /* sh.c */ = {isa = PBXFileReference; fileEncoding = 4; lastKnownFileType = sourcecode.c.c; path = sh.c; sourceTree = "<group>"; };
		76520B321D855A1C0099FFE4 /* impl.h */ = {isa = PBXFileReference; fileEncoding = 4; lastKnownFileType = sourcecode.c.h; path = impl.h; sourceTree = "<group>"; };
		76520B331D855ABC0099FFE4 /* fs.c */ = {isa = PBXFileReference; fileEncoding = 4; lastKnownFileType = sourcecode.c.c; path = fs.c; sourceTree = "<group>"; };
		76520B371D8564350099FFE4 /* TermLastLineTests.swift */ = {isa = PBXFileReference; fileEncoding = 4; lastKnownFileType = sourcecode.swift; path = TermLastLineTests.swift; sourceTree = "<group>"; };
		76520B391D8564DA0099FFE4 /* Term.swift */ = {isa = PBXFileReference; fileEncoding = 4; lastKnownFileType = sourcecode.swift; path = Term.swift; sourceTree = "<group>"; };
		765431711D2A8A830029856C /* tools.app */ = {isa = PBXFileReference; explicitFileType = wrapper.application; includeInIndex = 0; path = tools.app; sourceTree = BUILT_PRODUCTS_DIR; };
		765431741D2A8A840029856C /* AppDelegate.swift */ = {isa = PBXFileReference; lastKnownFileType = sourcecode.swift; lineEnding = 0; path = AppDelegate.swift; sourceTree = "<group>"; xcLanguageSpecificationIdentifier = xcode.lang.swift; };
		765431761D2A8A840029856C /* ViewController.swift */ = {isa = PBXFileReference; lastKnownFileType = sourcecode.swift; lineEnding = 0; path = ViewController.swift; sourceTree = "<group>"; xcLanguageSpecificationIdentifier = xcode.lang.swift; };
		765431791D2A8A840029856C /* Base */ = {isa = PBXFileReference; lastKnownFileType = file.storyboard; name = Base; path = Base.lproj/Main.storyboard; sourceTree = "<group>"; };
		7654317B1D2A8A840029856C /* Assets.xcassets */ = {isa = PBXFileReference; lastKnownFileType = folder.assetcatalog; path = Assets.xcassets; sourceTree = "<group>"; };
		7654317E1D2A8A840029856C /* Base */ = {isa = PBXFileReference; lastKnownFileType = file.storyboard; name = Base; path = Base.lproj/LaunchScreen.storyboard; sourceTree = "<group>"; };
		765431801D2A8A840029856C /* Info.plist */ = {isa = PBXFileReference; lastKnownFileType = text.plist.xml; path = Info.plist; sourceTree = "<group>"; };
		765431851D2A8A840029856C /* toolsTests.xctest */ = {isa = PBXFileReference; explicitFileType = wrapper.cfbundle; includeInIndex = 0; path = toolsTests.xctest; sourceTree = BUILT_PRODUCTS_DIR; };
		7654318B1D2A8A840029856C /* Info.plist */ = {isa = PBXFileReference; lastKnownFileType = text.plist.xml; path = Info.plist; sourceTree = "<group>"; };
		765431901D2A8A850029856C /* toolsUITests.xctest */ = {isa = PBXFileReference; explicitFileType = wrapper.cfbundle; includeInIndex = 0; path = toolsUITests.xctest; sourceTree = BUILT_PRODUCTS_DIR; };
		765431941D2A8A850029856C /* toolsUITests.swift */ = {isa = PBXFileReference; lastKnownFileType = sourcecode.swift; path = toolsUITests.swift; sourceTree = "<group>"; };
		765431961D2A8A850029856C /* Info.plist */ = {isa = PBXFileReference; lastKnownFileType = text.plist.xml; path = Info.plist; sourceTree = "<group>"; };
		767FA65C1D96AEB30081DD64 /* busybox */ = {isa = PBXFileReference; lastKnownFileType = folder; path = busybox; sourceTree = "<group>"; };
		7687ECDC1D7AF7310077EEC2 /* Sh.swift */ = {isa = PBXFileReference; fileEncoding = 4; lastKnownFileType = sourcecode.swift; path = Sh.swift; sourceTree = "<group>"; };
		76CE69B51D7647FC00D945E4 /* CtlTest.swift */ = {isa = PBXFileReference; fileEncoding = 4; lastKnownFileType = sourcecode.swift; path = CtlTest.swift; sourceTree = "<group>"; };
		76CE69B91D76496300D945E4 /* Ctl.swift */ = {isa = PBXFileReference; fileEncoding = 4; lastKnownFileType = sourcecode.swift; lineEnding = 0; path = Ctl.swift; sourceTree = "<group>"; xcLanguageSpecificationIdentifier = xcode.lang.swift; };
		76DA167E1DA8BE2400DFA0FB /* Io.swift */ = {isa = PBXFileReference; fileEncoding = 4; lastKnownFileType = sourcecode.swift; path = Io.swift; sourceTree = "<group>"; };
		76DA16821DA8CF3F00DFA0FB /* time1.h */ = {isa = PBXFileReference; lastKnownFileType = sourcecode.c.h; name = time1.h; path = include/time1.h; sourceTree = "<group>"; };
		76DA16831DA8D2FC00DFA0FB /* time1.c */ = {isa = PBXFileReference; fileEncoding = 4; lastKnownFileType = sourcecode.c.c; path = time1.c; sourceTree = "<group>"; };
		76DA16861DA8EF7400DFA0FB /* ibbox.h */ = {isa = PBXFileReference; lastKnownFileType = sourcecode.c.h; name = ibbox.h; path = include/ibbox.h; sourceTree = "<group>"; };
		76DA16871DA8EFA500DFA0FB /* ibbox.c */ = {isa = PBXFileReference; fileEncoding = 4; lastKnownFileType = sourcecode.c.c; path = ibbox.c; sourceTree = "<group>"; };
		76DA168A1DA8F21700DFA0FB /* PathconvTests.m */ = {isa = PBXFileReference; fileEncoding = 4; lastKnownFileType = sourcecode.c.objc; path = PathconvTests.m; sourceTree = "<group>"; };
		76DA168C1DA8F44900DFA0FB /* path.h */ = {isa = PBXFileReference; lastKnownFileType = sourcecode.c.h; name = path.h; path = include/path.h; sourceTree = "<group>"; };
		76DA168D1DAB156B00DFA0FB /* ShWdTests.m */ = {isa = PBXFileReference; fileEncoding = 4; lastKnownFileType = sourcecode.c.objc; path = ShWdTests.m; sourceTree = "<group>"; };
		76DEB4671DAD9B320057144A /* TermtxtTests.swift */ = {isa = PBXFileReference; fileEncoding = 4; lastKnownFileType = sourcecode.swift; path = TermtxtTests.swift; sourceTree = "<group>"; };
		76EE479A1D85119100180540 /* ShioTests.m */ = {isa = PBXFileReference; fileEncoding = 4; lastKnownFileType = sourcecode.c.objc; path = ShioTests.m; sourceTree = "<group>"; };
		76EE479C1D85135600180540 /* sh.h */ = {isa = PBXFileReference; fileEncoding = 4; lastKnownFileType = sourcecode.c.h; name = sh.h; path = include/sh.h; sourceTree = "<group>"; };
		76EE479D1D85403F00180540 /* DeviceTests.m */ = {isa = PBXFileReference; fileEncoding = 4; lastKnownFileType = sourcecode.c.objc; path = DeviceTests.m; sourceTree = "<group>"; };
/* End PBXFileReference section */

/* Begin PBXFrameworksBuildPhase section */
		7654316E1D2A8A830029856C /* Frameworks */ = {
			isa = PBXFrameworksBuildPhase;
			buildActionMask = 2147483647;
			files = (
			);
			runOnlyForDeploymentPostprocessing = 0;
		};
		765431821D2A8A840029856C /* Frameworks */ = {
			isa = PBXFrameworksBuildPhase;
			buildActionMask = 2147483647;
			files = (
			);
			runOnlyForDeploymentPostprocessing = 0;
		};
		7654318D1D2A8A850029856C /* Frameworks */ = {
			isa = PBXFrameworksBuildPhase;
			buildActionMask = 2147483647;
			files = (
			);
			runOnlyForDeploymentPostprocessing = 0;
		};
/* End PBXFrameworksBuildPhase section */

/* Begin PBXGroup section */
		7602D8A71D9FB36400193754 /* Frameworks */ = {
			isa = PBXGroup;
			children = (
				7602D8AA1D9FB37600193754 /* lib.a */,
				7602D8A81D9FB36400193754 /* lib.a */,
			);
			name = Frameworks;
			sourceTree = "<group>";
		};
		765431681D2A8A830029856C = {
			isa = PBXGroup;
			children = (
				76DA168C1DA8F44900DFA0FB /* path.h */,
				76DA16861DA8EF7400DFA0FB /* ibbox.h */,
				76DA16821DA8CF3F00DFA0FB /* time1.h */,
				7602D8A61D9D3FB600193754 /* buildbb.sh */,
				76EE479C1D85135600180540 /* sh.h */,
				763CB7DB1D7BA6A900F5444B /* bridge.h */,
				763CB7DA1D7BA16800F5444B /* cmd.h */,
				763CB7D21D7B9D1E00F5444B /* CoreFoundation.framework */,
				765431731D2A8A840029856C /* tools */,
				765431881D2A8A840029856C /* toolsTests */,
				765431931D2A8A850029856C /* toolsUITests */,
				765431721D2A8A830029856C /* Products */,
				767FA65C1D96AEB30081DD64 /* busybox */,
				7602D8A71D9FB36400193754 /* Frameworks */,
			);
			sourceTree = "<group>";
		};
		765431721D2A8A830029856C /* Products */ = {
			isa = PBXGroup;
			children = (
				765431711D2A8A830029856C /* tools.app */,
				765431851D2A8A840029856C /* toolsTests.xctest */,
				765431901D2A8A850029856C /* toolsUITests.xctest */,
			);
			name = Products;
			sourceTree = "<group>";
		};
		765431731D2A8A840029856C /* tools */ = {
			isa = PBXGroup;
			children = (
				765431741D2A8A840029856C /* AppDelegate.swift */,
				765431761D2A8A840029856C /* ViewController.swift */,
				765431781D2A8A840029856C /* Main.storyboard */,
				7654317B1D2A8A840029856C /* Assets.xcassets */,
				7654317D1D2A8A840029856C /* LaunchScreen.storyboard */,
				765431801D2A8A840029856C /* Info.plist */,
				76CE69B91D76496300D945E4 /* Ctl.swift */,
				7687ECDC1D7AF7310077EEC2 /* Sh.swift */,
				763CB7E01D7BB8E700F5444B /* fwrap.m */,
				763CB7EA1D84261500F5444B /* shla.l */,
				763CB7ED1D84317500F5444B /* shya.y */,
				763CB7F11D84420800F5444B /* sh.c */,
				76520B321D855A1C0099FFE4 /* impl.h */,
				76520B331D855ABC0099FFE4 /* fs.c */,
				76520B391D8564DA0099FFE4 /* Term.swift */,
				76DA167E1DA8BE2400DFA0FB /* Io.swift */,
				76DA16831DA8D2FC00DFA0FB /* time1.c */,
				76DA16871DA8EFA500DFA0FB /* ibbox.c */,
			);
			path = tools;
			sourceTree = "<group>";
		};
		765431881D2A8A840029856C /* toolsTests */ = {
			isa = PBXGroup;
			children = (
				7654318B1D2A8A840029856C /* Info.plist */,
				76CE69B51D7647FC00D945E4 /* CtlTest.swift */,
				763CB7E21D81A5A200F5444B /* FileioTests.m */,
				763CB7E51D82260800F5444B /* ParserTests.m */,
				763CB7E71D82267800F5444B /* decl.h */,
				763CB7E81D8226A500F5444B /* fixt.c */,
				76EE479A1D85119100180540 /* ShioTests.m */,
				76EE479D1D85403F00180540 /* DeviceTests.m */,
				76520B371D8564350099FFE4 /* TermLastLineTests.swift */,
				7602D8AC1DA0CE7E00193754 /* ShGenargvTests.m */,
				7602D8AE1DA0F25900193754 /* ShFindcmdTests.m */,
				76DA168A1DA8F21700DFA0FB /* PathconvTests.m */,
				76DA168D1DAB156B00DFA0FB /* ShWdTests.m */,
				76DEB4671DAD9B320057144A /* TermtxtTests.swift */,
			);
			path = toolsTests;
			sourceTree = "<group>";
		};
		765431931D2A8A850029856C /* toolsUITests */ = {
			isa = PBXGroup;
			children = (
				765431941D2A8A850029856C /* toolsUITests.swift */,
				765431961D2A8A850029856C /* Info.plist */,
			);
			path = toolsUITests;
			sourceTree = "<group>";
		};
/* End PBXGroup section */

/* Begin PBXLegacyTarget section */
		767FA6561D96A7EC0081DD64 /* busybox */ = {
			isa = PBXLegacyTarget;
			buildArgumentsString = "$(ACTION)";
			buildConfigurationList = 767FA6571D96A7EC0081DD64 /* Build configuration list for PBXLegacyTarget "busybox" */;
			buildPhases = (
			);
			buildToolPath = "$(SRCROOT)/buildbb.sh";
			buildWorkingDirectory = "$(SRCROOT)/busybox";
			dependencies = (
			);
			name = busybox;
			passBuildSettingsInEnvironment = 1;
			productName = busybox;
		};
/* End PBXLegacyTarget section */

/* Begin PBXNativeTarget section */
		765431701D2A8A830029856C /* tools */ = {
			isa = PBXNativeTarget;
			buildConfigurationList = 765431991D2A8A850029856C /* Build configuration list for PBXNativeTarget "tools" */;
			buildPhases = (
				7654316D1D2A8A830029856C /* Sources */,
				7654316E1D2A8A830029856C /* Frameworks */,
				7654316F1D2A8A830029856C /* Resources */,
			);
			buildRules = (
				763CB7F91D845ABB00F5444B /* PBXBuildRule */,
			);
			dependencies = (
			);
			name = tools;
			productName = tools;
			productReference = 765431711D2A8A830029856C /* tools.app */;
			productType = "com.apple.product-type.application";
		};
		765431841D2A8A840029856C /* toolsTests */ = {
			isa = PBXNativeTarget;
			buildConfigurationList = 7654319C1D2A8A850029856C /* Build configuration list for PBXNativeTarget "toolsTests" */;
			buildPhases = (
				765431811D2A8A840029856C /* Sources */,
				765431821D2A8A840029856C /* Frameworks */,
				765431831D2A8A840029856C /* Resources */,
			);
			buildRules = (
				763CB7FA1D84CFB400F5444B /* PBXBuildRule */,
			);
			dependencies = (
				765431871D2A8A840029856C /* PBXTargetDependency */,
			);
			name = toolsTests;
			productName = toolsTests;
			productReference = 765431851D2A8A840029856C /* toolsTests.xctest */;
			productType = "com.apple.product-type.bundle.unit-test";
		};
		7654318F1D2A8A850029856C /* toolsUITests */ = {
			isa = PBXNativeTarget;
			buildConfigurationList = 7654319F1D2A8A850029856C /* Build configuration list for PBXNativeTarget "toolsUITests" */;
			buildPhases = (
				7654318C1D2A8A850029856C /* Sources */,
				7654318D1D2A8A850029856C /* Frameworks */,
				7654318E1D2A8A850029856C /* Resources */,
			);
			buildRules = (
			);
			dependencies = (
				765431921D2A8A850029856C /* PBXTargetDependency */,
			);
			name = toolsUITests;
			productName = toolsUITests;
			productReference = 765431901D2A8A850029856C /* toolsUITests.xctest */;
			productType = "com.apple.product-type.bundle.ui-testing";
		};
/* End PBXNativeTarget section */

/* Begin PBXProject section */
		765431691D2A8A830029856C /* Project object */ = {
			isa = PBXProject;
			attributes = {
				LastSwiftUpdateCheck = 0730;
				LastUpgradeCheck = 0730;
				ORGANIZATIONNAME = "Yutaka Sugawara";
				TargetAttributes = {
					765431701D2A8A830029856C = {
						CreatedOnToolsVersion = 7.3.1;
						DevelopmentTeam = KG6KGJXDJU;
						LastSwiftMigration = 0810;
					};
					765431841D2A8A840029856C = {
						CreatedOnToolsVersion = 7.3.1;
						LastSwiftMigration = 0810;
						TestTargetID = 765431701D2A8A830029856C;
					};
					7654318F1D2A8A850029856C = {
						CreatedOnToolsVersion = 7.3.1;
						LastSwiftMigration = 0810;
						TestTargetID = 765431701D2A8A830029856C;
					};
					767FA6561D96A7EC0081DD64 = {
						CreatedOnToolsVersion = 7.3.1;
					};
				};
			};
			buildConfigurationList = 7654316C1D2A8A830029856C /* Build configuration list for PBXProject "tools" */;
			compatibilityVersion = "Xcode 3.2";
			developmentRegion = English;
			hasScannedForEncodings = 0;
			knownRegions = (
				en,
				Base,
			);
			mainGroup = 765431681D2A8A830029856C;
			productRefGroup = 765431721D2A8A830029856C /* Products */;
			projectDirPath = "";
			projectRoot = "";
			targets = (
				765431701D2A8A830029856C /* tools */,
				765431841D2A8A840029856C /* toolsTests */,
				7654318F1D2A8A850029856C /* toolsUITests */,
				767FA6561D96A7EC0081DD64 /* busybox */,
			);
		};
/* End PBXProject section */

/* Begin PBXResourcesBuildPhase section */
		7654316F1D2A8A830029856C /* Resources */ = {
			isa = PBXResourcesBuildPhase;
			buildActionMask = 2147483647;
			files = (
				7654317F1D2A8A840029856C /* LaunchScreen.storyboard in Resources */,
				7654317C1D2A8A840029856C /* Assets.xcassets in Resources */,
				7654317A1D2A8A840029856C /* Main.storyboard in Resources */,
			);
			runOnlyForDeploymentPostprocessing = 0;
		};
		765431831D2A8A840029856C /* Resources */ = {
			isa = PBXResourcesBuildPhase;
			buildActionMask = 2147483647;
			files = (
			);
			runOnlyForDeploymentPostprocessing = 0;
		};
		7654318E1D2A8A850029856C /* Resources */ = {
			isa = PBXResourcesBuildPhase;
			buildActionMask = 2147483647;
			files = (
			);
			runOnlyForDeploymentPostprocessing = 0;
		};
/* End PBXResourcesBuildPhase section */

/* Begin PBXSourcesBuildPhase section */
		7654316D1D2A8A830029856C /* Sources */ = {
			isa = PBXSourcesBuildPhase;
			buildActionMask = 2147483647;
			files = (
				763CB7E11D7BB8E700F5444B /* fwrap.m in Sources */,
				763CB7EE1D84317500F5444B /* shya.y in Sources */,
				76DA16841DA8D2FC00DFA0FB /* time1.c in Sources */,
				763CB7F21D84420800F5444B /* sh.c in Sources */,
				76520B341D855ABC0099FFE4 /* fs.c in Sources */,
				76520B3A1D8564DA0099FFE4 /* Term.swift in Sources */,
				765431771D2A8A840029856C /* ViewController.swift in Sources */,
				76DA16881DA8EFA500DFA0FB /* ibbox.c in Sources */,
				76CE69BA1D76496300D945E4 /* Ctl.swift in Sources */,
				7687ECDD1D7AF7310077EEC2 /* Sh.swift in Sources */,
				765431751D2A8A840029856C /* AppDelegate.swift in Sources */,
				763CB7EB1D84261500F5444B /* shla.l in Sources */,
				76DA167F1DA8BE2400DFA0FB /* Io.swift in Sources */,
			);
			runOnlyForDeploymentPostprocessing = 0;
		};
		765431811D2A8A840029856C /* Sources */ = {
			isa = PBXSourcesBuildPhase;
			buildActionMask = 2147483647;
			files = (
				76EE479E1D85403F00180540 /* DeviceTests.m in Sources */,
				76DA168E1DAB156B00DFA0FB /* ShWdTests.m in Sources */,
				7602D8AF1DA0F25900193754 /* ShFindcmdTests.m in Sources */,
				763CB7EC1D84261500F5444B /* shla.l in Sources */,
				76DA16891DA8EFA500DFA0FB /* ibbox.c in Sources */,
				763CB7E91D8226A500F5444B /* fixt.c in Sources */,
				76520B3B1D8564DA0099FFE4 /* Term.swift in Sources */,
				763CB7E61D82260800F5444B /* ParserTests.m in Sources */,
				763CB7F31D84420800F5444B /* sh.c in Sources */,
				76CE69BC1D764CB000D945E4 /* Ctl.swift in Sources */,
				76DA16851DA8D2FC00DFA0FB /* time1.c in Sources */,
				76EE479B1D85119100180540 /* ShioTests.m in Sources */,
				763CB7EF1D84317500F5444B /* shya.y in Sources */,
				76DA168B1DA8F21700DFA0FB /* PathconvTests.m in Sources */,
				76CE69B61D7647FC00D945E4 /* CtlTest.swift in Sources */,
				7602D8AD1DA0CE7E00193754 /* ShGenargvTests.m in Sources */,
				76DEB4681DAD9B320057144A /* TermtxtTests.swift in Sources */,
				76520B381D8564350099FFE4 /* TermLastLineTests.swift in Sources */,
				763CB7E41D81A82400F5444B /* Sh.swift in Sources */,
				763CB7E31D81A5A200F5444B /* FileioTests.m in Sources */,
			);
			runOnlyForDeploymentPostprocessing = 0;
		};
		7654318C1D2A8A850029856C /* Sources */ = {
			isa = PBXSourcesBuildPhase;
			buildActionMask = 2147483647;
			files = (
				765431951D2A8A850029856C /* toolsUITests.swift in Sources */,
			);
			runOnlyForDeploymentPostprocessing = 0;
		};
/* End PBXSourcesBuildPhase section */

/* Begin PBXTargetDependency section */
		765431871D2A8A840029856C /* PBXTargetDependency */ = {
			isa = PBXTargetDependency;
			target = 765431701D2A8A830029856C /* tools */;
			targetProxy = 765431861D2A8A840029856C /* PBXContainerItemProxy */;
		};
		765431921D2A8A850029856C /* PBXTargetDependency */ = {
			isa = PBXTargetDependency;
			target = 765431701D2A8A830029856C /* tools */;
			targetProxy = 765431911D2A8A850029856C /* PBXContainerItemProxy */;
		};
/* End PBXTargetDependency section */

/* Begin PBXVariantGroup section */
		765431781D2A8A840029856C /* Main.storyboard */ = {
			isa = PBXVariantGroup;
			children = (
				765431791D2A8A840029856C /* Base */,
			);
			name = Main.storyboard;
			sourceTree = "<group>";
		};
		7654317D1D2A8A840029856C /* LaunchScreen.storyboard */ = {
			isa = PBXVariantGroup;
			children = (
				7654317E1D2A8A840029856C /* Base */,
			);
			name = LaunchScreen.storyboard;
			sourceTree = "<group>";
		};
/* End PBXVariantGroup section */

/* Begin XCBuildConfiguration section */
		765431971D2A8A850029856C /* Debug */ = {
			isa = XCBuildConfiguration;
			buildSettings = {
				ALWAYS_SEARCH_USER_PATHS = NO;
				CLANG_ANALYZER_NONNULL = YES;
				CLANG_CXX_LANGUAGE_STANDARD = "gnu++0x";
				CLANG_CXX_LIBRARY = "libc++";
				CLANG_ENABLE_MODULES = YES;
				CLANG_ENABLE_OBJC_ARC = YES;
				CLANG_WARN_BOOL_CONVERSION = YES;
				CLANG_WARN_CONSTANT_CONVERSION = YES;
				CLANG_WARN_DIRECT_OBJC_ISA_USAGE = YES_ERROR;
				CLANG_WARN_EMPTY_BODY = YES;
				CLANG_WARN_ENUM_CONVERSION = YES;
				CLANG_WARN_INT_CONVERSION = YES;
				CLANG_WARN_OBJC_ROOT_CLASS = YES_ERROR;
				CLANG_WARN_UNREACHABLE_CODE = YES;
				CLANG_WARN__DUPLICATE_METHOD_MATCH = YES;
				"CODE_SIGN_IDENTITY[sdk=iphoneos*]" = "iPhone Developer";
				COPY_PHASE_STRIP = NO;
				DEBUG_INFORMATION_FORMAT = dwarf;
				ENABLE_BITCODE = NO;
				ENABLE_STRICT_OBJC_MSGSEND = YES;
				ENABLE_TESTABILITY = YES;
				GCC_C_LANGUAGE_STANDARD = gnu99;
				GCC_DYNAMIC_NO_PIC = NO;
				GCC_NO_COMMON_BLOCKS = YES;
				GCC_OPTIMIZATION_LEVEL = 0;
				GCC_PREPROCESSOR_DEFINITIONS = (
					"DEBUG=1",
					"$(inherited)",
				);
				GCC_WARN_64_TO_32_BIT_CONVERSION = YES;
				GCC_WARN_ABOUT_RETURN_TYPE = YES_ERROR;
				GCC_WARN_UNDECLARED_SELECTOR = YES;
				GCC_WARN_UNINITIALIZED_AUTOS = YES_AGGRESSIVE;
				GCC_WARN_UNUSED_FUNCTION = YES;
				GCC_WARN_UNUSED_VARIABLE = YES;
				IPHONEOS_DEPLOYMENT_TARGET = 10.0;
				MTL_ENABLE_DEBUG_INFO = YES;
				ONLY_ACTIVE_ARCH = YES;
				SDKROOT = iphoneos;
				SWIFT_INSTALL_OBJC_HEADER = YES;
				SWIFT_OPTIMIZATION_LEVEL = "-Onone";
				TARGETED_DEVICE_FAMILY = "1,2";
			};
			name = Debug;
		};
		765431981D2A8A850029856C /* Release */ = {
			isa = XCBuildConfiguration;
			buildSettings = {
				ALWAYS_SEARCH_USER_PATHS = NO;
				CLANG_ANALYZER_NONNULL = YES;
				CLANG_CXX_LANGUAGE_STANDARD = "gnu++0x";
				CLANG_CXX_LIBRARY = "libc++";
				CLANG_ENABLE_MODULES = YES;
				CLANG_ENABLE_OBJC_ARC = YES;
				CLANG_WARN_BOOL_CONVERSION = YES;
				CLANG_WARN_CONSTANT_CONVERSION = YES;
				CLANG_WARN_DIRECT_OBJC_ISA_USAGE = YES_ERROR;
				CLANG_WARN_EMPTY_BODY = YES;
				CLANG_WARN_ENUM_CONVERSION = YES;
				CLANG_WARN_INT_CONVERSION = YES;
				CLANG_WARN_OBJC_ROOT_CLASS = YES_ERROR;
				CLANG_WARN_UNREACHABLE_CODE = YES;
				CLANG_WARN__DUPLICATE_METHOD_MATCH = YES;
				"CODE_SIGN_IDENTITY[sdk=iphoneos*]" = "iPhone Developer";
				COPY_PHASE_STRIP = NO;
				DEBUG_INFORMATION_FORMAT = "dwarf-with-dsym";
				ENABLE_BITCODE = NO;
				ENABLE_NS_ASSERTIONS = NO;
				ENABLE_STRICT_OBJC_MSGSEND = YES;
				GCC_C_LANGUAGE_STANDARD = gnu99;
				GCC_NO_COMMON_BLOCKS = YES;
				GCC_WARN_64_TO_32_BIT_CONVERSION = YES;
				GCC_WARN_ABOUT_RETURN_TYPE = YES_ERROR;
				GCC_WARN_UNDECLARED_SELECTOR = YES;
				GCC_WARN_UNINITIALIZED_AUTOS = YES_AGGRESSIVE;
				GCC_WARN_UNUSED_FUNCTION = YES;
				GCC_WARN_UNUSED_VARIABLE = YES;
				IPHONEOS_DEPLOYMENT_TARGET = 10.0;
				MTL_ENABLE_DEBUG_INFO = NO;
				SDKROOT = iphoneos;
				SWIFT_INSTALL_OBJC_HEADER = YES;
				TARGETED_DEVICE_FAMILY = "1,2";
				VALIDATE_PRODUCT = YES;
			};
			name = Release;
		};
		7654319A1D2A8A850029856C /* Debug */ = {
			isa = XCBuildConfiguration;
			buildSettings = {
				ASSETCATALOG_COMPILER_APPICON_NAME = AppIcon;
				CLANG_ENABLE_MODULES = YES;
				CODE_SIGN_IDENTITY = "iPhone Developer";
				"CODE_SIGN_IDENTITY[sdk=iphoneos*]" = "iPhone Developer";
				DEFINES_MODULE = NO;
				HEADER_SEARCH_PATHS = "$(SRCROOT)/include";
				INFOPLIST_FILE = tools/Info.plist;
				IPHONEOS_DEPLOYMENT_TARGET = 10.0;
				LD_RUNPATH_SEARCH_PATHS = "$(inherited) @executable_path/Frameworks";
				LIBRARY_SEARCH_PATHS = (
					"$(inherited)",
					"$(PROJECT_DIR)/busybox/coreutils",
					"$(PROJECT_DIR)/busybox/libbb",
				);
				OTHER_LDFLAGS = (
					"$(SRCROOT)/libbusybox_coreutils_$(arch).a",
					"$(SRCROOT)/libbusybox_libbb_$(arch).a",
				);
				PRODUCT_BUNDLE_IDENTIFIER = com.example.ys.tools;
				PRODUCT_NAME = "$(TARGET_NAME)";
				PROVISIONING_PROFILE = "";
				SWIFT_INCLUDE_PATHS = "${SRCROOT}/include";
				SWIFT_INSTALL_OBJC_HEADER = YES;
				SWIFT_OBJC_BRIDGING_HEADER = "${SRCROOT}/include/bridge.h";
				SWIFT_OPTIMIZATION_LEVEL = "-Onone";
				SWIFT_VERSION = 3.0;
				USER_HEADER_SEARCH_PATHS = "";
			};
			name = Debug;
		};
		7654319B1D2A8A850029856C /* Release */ = {
			isa = XCBuildConfiguration;
			buildSettings = {
				ASSETCATALOG_COMPILER_APPICON_NAME = AppIcon;
				CLANG_ENABLE_MODULES = YES;
				CODE_SIGN_IDENTITY = "iPhone Developer";
				"CODE_SIGN_IDENTITY[sdk=iphoneos*]" = "iPhone Developer";
				DEFINES_MODULE = NO;
				HEADER_SEARCH_PATHS = "$(SRCROOT)/include";
				INFOPLIST_FILE = tools/Info.plist;
				IPHONEOS_DEPLOYMENT_TARGET = 10.0;
				LD_RUNPATH_SEARCH_PATHS = "$(inherited) @executable_path/Frameworks";
				LIBRARY_SEARCH_PATHS = (
					"$(inherited)",
					"$(PROJECT_DIR)/busybox/coreutils",
					"$(PROJECT_DIR)/busybox/libbb",
				);
				OTHER_LDFLAGS = (
					"$(SRCROOT)/libbusybox_coreutils_$(arch).a",
					"$(SRCROOT)/libbusybox_libbb_$(arch).a",
				);
				PRODUCT_BUNDLE_IDENTIFIER = com.example.ys.tools;
				PRODUCT_NAME = "$(TARGET_NAME)";
				PROVISIONING_PROFILE = "";
				SWIFT_INCLUDE_PATHS = "${SRCROOT}/include";
				SWIFT_INSTALL_OBJC_HEADER = YES;
				SWIFT_OBJC_BRIDGING_HEADER = "${SRCROOT}/include/bridge.h";
				SWIFT_VERSION = 3.0;
				USER_HEADER_SEARCH_PATHS = "";
			};
			name = Release;
		};
		7654319D1D2A8A850029856C /* Debug */ = {
			isa = XCBuildConfiguration;
			buildSettings = {
				BUNDLE_LOADER = "$(TEST_HOST)";
				CLANG_ENABLE_MODULES = YES;
				HEADER_SEARCH_PATHS = "$(SRCROOT)/include";
				INFOPLIST_FILE = toolsTests/Info.plist;
				LD_RUNPATH_SEARCH_PATHS = "$(inherited) @executable_path/Frameworks @loader_path/Frameworks";
				OTHER_LDFLAGS = (
					"$(SRCROOT)/libbusybox_coreutils_$(arch).a",
					"$(SRCROOT)/libbusybox_libbb_$(arch).a",
				);
				PRODUCT_BUNDLE_IDENTIFIER = com.example.ys.toolsTests;
				PRODUCT_NAME = "$(TARGET_NAME)";
				SWIFT_INCLUDE_PATHS = "$(SRCROOT)/include";
				SWIFT_OBJC_BRIDGING_HEADER = "$(SRCROOT)/include/bridge.h";
				SWIFT_OPTIMIZATION_LEVEL = "-Onone";
				SWIFT_VERSION = 3.0;
				TEST_HOST = "$(BUILT_PRODUCTS_DIR)/tools.app/tools";
				USER_HEADER_SEARCH_PATHS = "$(SRCROOT)/include";
			};
			name = Debug;
		};
		7654319E1D2A8A850029856C /* Release */ = {
			isa = XCBuildConfiguration;
			buildSettings = {
				BUNDLE_LOADER = "$(TEST_HOST)";
				CLANG_ENABLE_MODULES = YES;
				HEADER_SEARCH_PATHS = "$(SRCROOT)/include";
				INFOPLIST_FILE = toolsTests/Info.plist;
				LD_RUNPATH_SEARCH_PATHS = "$(inherited) @executable_path/Frameworks @loader_path/Frameworks";
				OTHER_LDFLAGS = (
					"$(SRCROOT)/libbusybox_coreutils_$(arch).a",
					"$(SRCROOT)/libbusybox_libbb_$(arch).a",
				);
				PRODUCT_BUNDLE_IDENTIFIER = com.example.ys.toolsTests;
				PRODUCT_NAME = "$(TARGET_NAME)";
				SWIFT_INCLUDE_PATHS = "$(SRCROOT)/include";
				SWIFT_OBJC_BRIDGING_HEADER = "$(SRCROOT)/include/bridge.h";
				SWIFT_VERSION = 3.0;
				TEST_HOST = "$(BUILT_PRODUCTS_DIR)/tools.app/tools";
				USER_HEADER_SEARCH_PATHS = "$(SRCROOT)/include";
			};
			name = Release;
		};
		765431A01D2A8A850029856C /* Debug */ = {
			isa = XCBuildConfiguration;
			buildSettings = {
				INFOPLIST_FILE = toolsUITests/Info.plist;
				LD_RUNPATH_SEARCH_PATHS = "$(inherited) @executable_path/Frameworks @loader_path/Frameworks";
				PRODUCT_BUNDLE_IDENTIFIER = com.example.ys.toolsUITests;
				PRODUCT_NAME = "$(TARGET_NAME)";
				SWIFT_VERSION = 3.0;
				TEST_TARGET_NAME = tools;
			};
			name = Debug;
		};
		765431A11D2A8A850029856C /* Release */ = {
			isa = XCBuildConfiguration;
			buildSettings = {
				INFOPLIST_FILE = toolsUITests/Info.plist;
				LD_RUNPATH_SEARCH_PATHS = "$(inherited) @executable_path/Frameworks @loader_path/Frameworks";
				PRODUCT_BUNDLE_IDENTIFIER = com.example.ys.toolsUITests;
				PRODUCT_NAME = "$(TARGET_NAME)";
				SWIFT_VERSION = 3.0;
				TEST_TARGET_NAME = tools;
			};
			name = Release;
		};
		767FA6581D96A7EC0081DD64 /* Debug */ = {
			isa = XCBuildConfiguration;
			buildSettings = {
				CFLAGS = "-DIOS";
				CFLAGS_busybox = "-elf2flt";
				DEBUGGING_SYMBOLS = YES;
				DEBUG_INFORMATION_FORMAT = dwarf;
				GCC_GENERATE_DEBUGGING_SYMBOLS = YES;
				GCC_OPTIMIZATION_LEVEL = 0;
				LDFLAGS = "";
				ONLY_ACTIVE_ARCH = NO;
				OTHER_CFLAGS = "";
				OTHER_LDFLAGS = "";
				PRODUCT_NAME = "$(TARGET_NAME)";
			};
			name = Debug;
		};
		767FA6591D96A7EC0081DD64 /* Release */ = {
			isa = XCBuildConfiguration;
			buildSettings = {
				CFLAGS = "-DIOS";
				CFLAGS_busybox = "-elf2flt";
				DEBUG_INFORMATION_FORMAT = "dwarf-with-dsym";
				LDFLAGS = "";
				OTHER_CFLAGS = "";
				OTHER_LDFLAGS = "";
				PRODUCT_NAME = "$(TARGET_NAME)";
			};
			name = Release;
		};
/* End XCBuildConfiguration section */

/* Begin XCConfigurationList section */
		7654316C1D2A8A830029856C /* Build configuration list for PBXProject "tools" */ = {
			isa = XCConfigurationList;
			buildConfigurations = (
				765431971D2A8A850029856C /* Debug */,
				765431981D2A8A850029856C /* Release */,
			);
			defaultConfigurationIsVisible = 0;
			defaultConfigurationName = Release;
		};
		765431991D2A8A850029856C /* Build configuration list for PBXNativeTarget "tools" */ = {
			isa = XCConfigurationList;
			buildConfigurations = (
				7654319A1D2A8A850029856C /* Debug */,
				7654319B1D2A8A850029856C /* Release */,
			);
			defaultConfigurationIsVisible = 0;
			defaultConfigurationName = Release;
		};
		7654319C1D2A8A850029856C /* Build configuration list for PBXNativeTarget "toolsTests" */ = {
			isa = XCConfigurationList;
			buildConfigurations = (
				7654319D1D2A8A850029856C /* Debug */,
				7654319E1D2A8A850029856C /* Release */,
			);
			defaultConfigurationIsVisible = 0;
			defaultConfigurationName = Release;
		};
		7654319F1D2A8A850029856C /* Build configuration list for PBXNativeTarget "toolsUITests" */ = {
			isa = XCConfigurationList;
			buildConfigurations = (
				765431A01D2A8A850029856C /* Debug */,
				765431A11D2A8A850029856C /* Release */,
			);
			defaultConfigurationIsVisible = 0;
			defaultConfigurationName = Release;
		};
		767FA6571D96A7EC0081DD64 /* Build configuration list for PBXLegacyTarget "busybox" */ = {
			isa = XCConfigurationList;
			buildConfigurations = (
				767FA6581D96A7EC0081DD64 /* Debug */,
				767FA6591D96A7EC0081DD64 /* Release */,
			);
			defaultConfigurationIsVisible = 0;
			defaultConfigurationName = Release;
		};
/* End XCConfigurationList section */
	};
	rootObject = 765431691D2A8A830029856C /* Project object */;
}
